
Microsoft Visual Studio Solution File, Format Version 12.00
# Visual Studio Version 16
VisualStudioVersion = 16.0.31424.327
MinimumVisualStudioVersion = 10.0.40219.1
Project("{FAE04EC0-301F-11D3-BF4B-00C04F79EFBC}") = "REMUI.UWP", "REMUI\REMUI.UWP\REMUI.UWP.csproj", "{D2DAA9CF-1768-4254-82FE-683187D210F2}"
EndProject
Project("{FAE04EC0-301F-11D3-BF4B-00C04F79EFBC}") = "REMUI.Android", "REMUI\REMUI.Android\REMUI.Android.csproj", "{2EE505EA-B8F8-43E0-8875-987CF6691518}"
EndProject
Project("{FAE04EC0-301F-11D3-BF4B-00C04F79EFBC}") = "REMUI.iOS", "REMUI\REMUI.iOS\REMUI.iOS.csproj", "{C3D7F852-FA0A-48A6-9B72-C2039C50F11A}"
EndProject
Project("{FAE04EC0-301F-11D3-BF4B-00C04F79EFBC}") = "REMUI", "REMUI\REMUI\REMUI.csproj", "{F9FAF0D8-CC92-45AA-8F09-5E5C03F46943}"
EndProject
Global
	GlobalSection(SolutionConfigurationPlatforms) = preSolution
		Debug|Any CPU = Debug|Any CPU
		Debug|ARM = Debug|ARM
		Debug|iPhone = Debug|iPhone
		Debug|iPhoneSimulator = Debug|iPhoneSimulator
		Debug|x64 = Debug|x64
		Debug|x86 = Debug|x86
		Release|Any CPU = Release|Any CPU
		Release|ARM = Release|ARM
		Release|iPhone = Release|iPhone
		Release|iPhoneSimulator = Release|iPhoneSimulator
		Release|x64 = Release|x64
		Release|x86 = Release|x86
	EndGlobalSection
	GlobalSection(ProjectConfigurationPlatforms) = postSolution
		{D2DAA9CF-1768-4254-82FE-683187D210F2}.Debug|Any CPU.ActiveCfg = Debug|x86
		{D2DAA9CF-1768-4254-82FE-683187D210F2}.Debug|Any CPU.Build.0 = Debug|x86
		{D2DAA9CF-1768-4254-82FE-683187D210F2}.Debug|Any CPU.Deploy.0 = Debug|x86
		{D2DAA9CF-1768-4254-82FE-683187D210F2}.Debug|ARM.ActiveCfg = Debug|ARM
		{D2DAA9CF-1768-4254-82FE-683187D210F2}.Debug|ARM.Build.0 = Debug|ARM
		{D2DAA9CF-1768-4254-82FE-683187D210F2}.Debug|ARM.Deploy.0 = Debug|ARM
		{D2DAA9CF-1768-4254-82FE-683187D210F2}.Debug|iPhone.ActiveCfg = Debug|x86
		{D2DAA9CF-1768-4254-82FE-683187D210F2}.Debug|iPhone.Build.0 = Debug|x86
		{D2DAA9CF-1768-4254-82FE-683187D210F2}.Debug|iPhone.Deploy.0 = Debug|x86
		{D2DAA9CF-1768-4254-82FE-683187D210F2}.Debug|iPhoneSimulator.ActiveCfg = Debug|x86
		{D2DAA9CF-1768-4254-82FE-683187D210F2}.Debug|iPhoneSimulator.Build.0 = Debug|x86
		{D2DAA9CF-1768-4254-82FE-683187D210F2}.Debug|iPhoneSimulator.Deploy.0 = Debug|x86
		{D2DAA9CF-1768-4254-82FE-683187D210F2}.Debug|x64.ActiveCfg = Debug|x64
		{D2DAA9CF-1768-4254-82FE-683187D210F2}.Debug|x64.Build.0 = Debug|x64
		{D2DAA9CF-1768-4254-82FE-683187D210F2}.Debug|x64.Deploy.0 = Debug|x64
		{D2DAA9CF-1768-4254-82FE-683187D210F2}.Debug|x86.ActiveCfg = Debug|x86
		{D2DAA9CF-1768-4254-82FE-683187D210F2}.Debug|x86.Build.0 = Debug|x86
		{D2DAA9CF-1768-4254-82FE-683187D210F2}.Debug|x86.Deploy.0 = Debug|x86
		{D2DAA9CF-1768-4254-82FE-683187D210F2}.Release|Any CPU.ActiveCfg = Release|x86
		{D2DAA9CF-1768-4254-82FE-683187D210F2}.Release|Any CPU.Build.0 = Release|x86
		{D2DAA9CF-1768-4254-82FE-683187D210F2}.Release|Any CPU.Deploy.0 = Release|x86
		{D2DAA9CF-1768-4254-82FE-683187D210F2}.Release|ARM.ActiveCfg = Release|ARM
		{D2DAA9CF-1768-4254-82FE-683187D210F2}.Release|ARM.Build.0 = Release|ARM
		{D2DAA9CF-1768-4254-82FE-683187D210F2}.Release|ARM.Deploy.0 = Release|ARM
		{D2DAA9CF-1768-4254-82FE-683187D210F2}.Release|iPhone.ActiveCfg = Release|x86
		{D2DAA9CF-1768-4254-82FE-683187D210F2}.Release|iPhone.Build.0 = Release|x86
		{D2DAA9CF-1768-4254-82FE-683187D210F2}.Release|iPhone.Deploy.0 = Release|x86
		{D2DAA9CF-1768-4254-82FE-683187D210F2}.Release|iPhoneSimulator.ActiveCfg = Release|x86
		{D2DAA9CF-1768-4254-82FE-683187D210F2}.Release|iPhoneSimulator.Build.0 = Release|x86
		{D2DAA9CF-1768-4254-82FE-683187D210F2}.Release|iPhoneSimulator.Deploy.0 = Release|x86
		{D2DAA9CF-1768-4254-82FE-683187D210F2}.Release|x64.ActiveCfg = Release|x64
		{D2DAA9CF-1768-4254-82FE-683187D210F2}.Release|x64.Build.0 = Release|x64
		{D2DAA9CF-1768-4254-82FE-683187D210F2}.Release|x64.Deploy.0 = Release|x64
		{D2DAA9CF-1768-4254-82FE-683187D210F2}.Release|x86.ActiveCfg = Release|x86
		{D2DAA9CF-1768-4254-82FE-683187D210F2}.Release|x86.Build.0 = Release|x86
		{D2DAA9CF-1768-4254-82FE-683187D210F2}.Release|x86.Deploy.0 = Release|x86
		{2EE505EA-B8F8-43E0-8875-987CF6691518}.Debug|Any CPU.ActiveCfg = Debug|Any CPU
		{2EE505EA-B8F8-43E0-8875-987CF6691518}.Debug|Any CPU.Build.0 = Debug|Any CPU
		{2EE505EA-B8F8-43E0-8875-987CF6691518}.Debug|Any CPU.Deploy.0 = Debug|Any CPU
		{2EE505EA-B8F8-43E0-8875-987CF6691518}.Debug|ARM.ActiveCfg = Debug|Any CPU
		{2EE505EA-B8F8-43E0-8875-987CF6691518}.Debug|ARM.Build.0 = Debug|Any CPU
		{2EE505EA-B8F8-43E0-8875-987CF6691518}.Debug|ARM.Deploy.0 = Debug|Any CPU
		{2EE505EA-B8F8-43E0-8875-987CF6691518}.Debug|iPhone.ActiveCfg = Debug|Any CPU
		{2EE505EA-B8F8-43E0-8875-987CF6691518}.Debug|iPhone.Build.0 = Debug|Any CPU
		{2EE505EA-B8F8-43E0-8875-987CF6691518}.Debug|iPhone.Deploy.0 = Debug|Any CPU
		{2EE505EA-B8F8-43E0-8875-987CF6691518}.Debug|iPhoneSimulator.ActiveCfg = Debug|Any CPU
		{2EE505EA-B8F8-43E0-8875-987CF6691518}.Debug|iPhoneSimulator.Build.0 = Debug|Any CPU
		{2EE505EA-B8F8-43E0-8875-987CF6691518}.Debug|iPhoneSimulator.Deploy.0 = Debug|Any CPU
		{2EE505EA-B8F8-43E0-8875-987CF6691518}.Debug|x64.ActiveCfg = Debug|Any CPU
		{2EE505EA-B8F8-43E0-8875-987CF6691518}.Debug|x64.Build.0 = Debug|Any CPU
		{2EE505EA-B8F8-43E0-8875-987CF6691518}.Debug|x64.Deploy.0 = Debug|Any CPU
		{2EE505EA-B8F8-43E0-8875-987CF6691518}.Debug|x86.ActiveCfg = Debug|Any CPU
		{2EE505EA-B8F8-43E0-8875-987CF6691518}.Debug|x86.Build.0 = Debug|Any CPU
		{2EE505EA-B8F8-43E0-8875-987CF6691518}.Debug|x86.Deploy.0 = Debug|Any CPU
		{2EE505EA-B8F8-43E0-8875-987CF6691518}.Release|Any CPU.ActiveCfg = Release|Any CPU
		{2EE505EA-B8F8-43E0-8875-987CF6691518}.Release|Any CPU.Build.0 = Release|Any CPU
		{2EE505EA-B8F8-43E0-8875-987CF6691518}.Release|Any CPU.Deploy.0 = Release|Any CPU
		{2EE505EA-B8F8-43E0-8875-987CF6691518}.Release|ARM.ActiveCfg = Release|Any CPU
		{2EE505EA-B8F8-43E0-8875-987CF6691518}.Release|ARM.Build.0 = Release|Any CPU
		{2EE505EA-B8F8-43E0-8875-987CF6691518}.Release|ARM.Deploy.0 = Release|Any CPU
		{2EE505EA-B8F8-43E0-8875-987CF6691518}.Release|iPhone.ActiveCfg = Release|Any CPU
		{2EE505EA-B8F8-43E0-8875-987CF6691518}.Release|iPhone.Build.0 = Release|Any CPU
		{2EE505EA-B8F8-43E0-8875-987CF6691518}.Release|iPhone.Deploy.0 = Release|Any CPU
		{2EE505EA-B8F8-43E0-8875-987CF6691518}.Release|iPhoneSimulator.ActiveCfg = Release|Any CPU
		{2EE505EA-B8F8-43E0-8875-987CF6691518}.Release|iPhoneSimulator.Build.0 = Release|Any CPU
		{2EE505EA-B8F8-43E0-8875-987CF6691518}.Release|iPhoneSimulator.Deploy.0 = Release|Any CPU
		{2EE505EA-B8F8-43E0-8875-987CF6691518}.Release|x64.ActiveCfg = Release|Any CPU
		{2EE505EA-B8F8-43E0-8875-987CF6691518}.Release|x64.Build.0 = Release|Any CPU
		{2EE505EA-B8F8-43E0-8875-987CF6691518}.Release|x64.Deploy.0 = Release|Any CPU
		{2EE505EA-B8F8-43E0-8875-987CF6691518}.Release|x86.ActiveCfg = Release|Any CPU
		{2EE505EA-B8F8-43E0-8875-987CF6691518}.Release|x86.Build.0 = Release|Any CPU
		{2EE505EA-B8F8-43E0-8875-987CF6691518}.Release|x86.Deploy.0 = Release|Any CPU
		{C3D7F852-FA0A-48A6-9B72-C2039C50F11A}.Debug|Any CPU.ActiveCfg = Debug|iPhoneSimulator
		{C3D7F852-FA0A-48A6-9B72-C2039C50F11A}.Debug|Any CPU.Build.0 = Debug|iPhoneSimulator
		{C3D7F852-FA0A-48A6-9B72-C2039C50F11A}.Debug|Any CPU.Deploy.0 = Debug|iPhoneSimulator
		{C3D7F852-FA0A-48A6-9B72-C2039C50F11A}.Debug|ARM.ActiveCfg = Debug|iPhone
		{C3D7F852-FA0A-48A6-9B72-C2039C50F11A}.Debug|ARM.Build.0 = Debug|iPhone
		{C3D7F852-FA0A-48A6-9B72-C2039C50F11A}.Debug|ARM.Deploy.0 = Debug|iPhone
		{C3D7F852-FA0A-48A6-9B72-C2039C50F11A}.Debug|iPhone.ActiveCfg = Debug|iPhone
		{C3D7F852-FA0A-48A6-9B72-C2039C50F11A}.Debug|iPhone.Build.0 = Debug|iPhone
		{C3D7F852-FA0A-48A6-9B72-C2039C50F11A}.Debug|iPhone.Deploy.0 = Debug|iPhone
		{C3D7F852-FA0A-48A6-9B72-C2039C50F11A}.Debug|iPhoneSimulator.ActiveCfg = Debug|iPhoneSimulator
		{C3D7F852-FA0A-48A6-9B72-C2039C50F11A}.Debug|iPhoneSimulator.Build.0 = Debug|iPhoneSimulator
		{C3D7F852-FA0A-48A6-9B72-C2039C50F11A}.Debug|iPhoneSimulator.Deploy.0 = Debug|iPhoneSimulator
		{C3D7F852-FA0A-48A6-9B72-C2039C50F11A}.Debug|x64.ActiveCfg = Debug|iPhoneSimulator
		{C3D7F852-FA0A-48A6-9B72-C2039C50F11A}.Debug|x64.Build.0 = Debug|iPhoneSimulator
		{C3D7F852-FA0A-48A6-9B72-C2039C50F11A}.Debug|x64.Deploy.0 = Debug|iPhoneSimulator
		{C3D7F852-FA0A-48A6-9B72-C2039C50F11A}.Debug|x86.ActiveCfg = Debug|iPhoneSimulator
		{C3D7F852-FA0A-48A6-9B72-C2039C50F11A}.Debug|x86.Build.0 = Debug|iPhoneSimulator
		{C3D7F852-FA0A-48A6-9B72-C2039C50F11A}.Debug|x86.Deploy.0 = Debug|iPhoneSimulator
		{C3D7F852-FA0A-48A6-9B72-C2039C50F11A}.Release|Any CPU.ActiveCfg = Release|iPhoneSimulator
		{C3D7F852-FA0A-48A6-9B72-C2039C50F11A}.Release|Any CPU.Build.0 = Release|iPhoneSimulator
		{C3D7F852-FA0A-48A6-9B72-C2039C50F11A}.Release|Any CPU.Deploy.0 = Release|iPhoneSimulator
		{C3D7F852-FA0A-48A6-9B72-C2039C50F11A}.Release|ARM.ActiveCfg = Release|iPhoneSimulator
		{C3D7F852-FA0A-48A6-9B72-C2039C50F11A}.Release|ARM.Build.0 = Release|iPhoneSimulator
		{C3D7F852-FA0A-48A6-9B72-C2039C50F11A}.Release|ARM.Deploy.0 = Release|iPhoneSimulator
		{C3D7F852-FA0A-48A6-9B72-C2039C50F11A}.Release|iPhone.ActiveCfg = Release|iPhone
		{C3D7F852-FA0A-48A6-9B72-C2039C50F11A}.Release|iPhone.Build.0 = Release|iPhone
		{C3D7F852-FA0A-48A6-9B72-C2039C50F11A}.Release|iPhone.Deploy.0 = Release|iPhone
		{C3D7F852-FA0A-48A6-9B72-C2039C50F11A}.Release|iPhoneSimulator.ActiveCfg = Release|iPhoneSimulator
		{C3D7F852-FA0A-48A6-9B72-C2039C50F11A}.Release|iPhoneSimulator.Build.0 = Release|iPhoneSimulator
		{C3D7F852-FA0A-48A6-9B72-C2039C50F11A}.Release|iPhoneSimulator.Deploy.0 = Release|iPhoneSimulator
		{C3D7F852-FA0A-48A6-9B72-C2039C50F11A}.Release|x64.ActiveCfg = Release|iPhoneSimulator
		{C3D7F852-FA0A-48A6-9B72-C2039C50F11A}.Release|x64.Build.0 = Release|iPhoneSimulator
		{C3D7F852-FA0A-48A6-9B72-C2039C50F11A}.Release|x64.Deploy.0 = Release|iPhoneSimulator
		{C3D7F852-FA0A-48A6-9B72-C2039C50F11A}.Release|x86.ActiveCfg = Release|iPhoneSimulator
		{C3D7F852-FA0A-48A6-9B72-C2039C50F11A}.Release|x86.Build.0 = Release|iPhoneSimulator
		{C3D7F852-FA0A-48A6-9B72-C2039C50F11A}.Release|x86.Deploy.0 = Release|iPhoneSimulator
		{F9FAF0D8-CC92-45AA-8F09-5E5C03F46943}.Debug|Any CPU.ActiveCfg = Debug|Any CPU
		{F9FAF0D8-CC92-45AA-8F09-5E5C03F46943}.Debug|Any CPU.Build.0 = Debug|Any CPU
		{F9FAF0D8-CC92-45AA-8F09-5E5C03F46943}.Debug|Any CPU.Deploy.0 = Debug|Any CPU
		{F9FAF0D8-CC92-45AA-8F09-5E5C03F46943}.Debug|ARM.ActiveCfg = Debug|Any CPU
		{F9FAF0D8-CC92-45AA-8F09-5E5C03F46943}.Debug|ARM.Build.0 = Debug|Any CPU
		{F9FAF0D8-CC92-45AA-8F09-5E5C03F46943}.Debug|ARM.Deploy.0 = Debug|Any CPU
		{F9FAF0D8-CC92-45AA-8F09-5E5C03F46943}.Debug|iPhone.ActiveCfg = Debug|Any CPU
		{F9FAF0D8-CC92-45AA-8F09-5E5C03F46943}.Debug|iPhone.Build.0 = Debug|Any CPU
		{F9FAF0D8-CC92-45AA-8F09-5E5C03F46943}.Debug|iPhone.Deploy.0 = Debug|Any CPU
		{F9FAF0D8-CC92-45AA-8F09-5E5C03F46943}.Debug|iPhoneSimulator.ActiveCfg = Debug|Any CPU
		{F9FAF0D8-CC92-45AA-8F09-5E5C03F46943}.Debug|iPhoneSimulator.Build.0 = Debug|Any CPU
		{F9FAF0D8-CC92-45AA-8F09-5E5C03F46943}.Debug|iPhoneSimulator.Deploy.0 = Debug|Any CPU
		{F9FAF0D8-CC92-45AA-8F09-5E5C03F46943}.Debug|x64.ActiveCfg = Debug|Any CPU
		{F9FAF0D8-CC92-45AA-8F09-5E5C03F46943}.Debug|x64.Build.0 = Debug|Any CPU
		{F9FAF0D8-CC92-45AA-8F09-5E5C03F46943}.Debug|x64.Deploy.0 = Debug|Any CPU
		{F9FAF0D8-CC92-45AA-8F09-5E5C03F46943}.Debug|x86.ActiveCfg = Debug|Any CPU
		{F9FAF0D8-CC92-45AA-8F09-5E5C03F46943}.Debug|x86.Build.0 = Debug|Any CPU
		{F9FAF0D8-CC92-45AA-8F09-5E5C03F46943}.Debug|x86.Deploy.0 = Debug|Any CPU
		{F9FAF0D8-CC92-45AA-8F09-5E5C03F46943}.Release|Any CPU.ActiveCfg = Release|Any CPU
		{F9FAF0D8-CC92-45AA-8F09-5E5C03F46943}.Release|Any CPU.Build.0 = Release|Any CPU
		{F9FAF0D8-CC92-45AA-8F09-5E5C03F46943}.Release|Any CPU.Deploy.0 = Release|Any CPU
		{F9FAF0D8-CC92-45AA-8F09-5E5C03F46943}.Release|ARM.ActiveCfg = Release|Any CPU
		{F9FAF0D8-CC92-45AA-8F09-5E5C03F46943}.Release|ARM.Build.0 = Release|Any CPU
		{F9FAF0D8-CC92-45AA-8F09-5E5C03F46943}.Release|ARM.Deploy.0 = Release|Any CPU
		{F9FAF0D8-CC92-45AA-8F09-5E5C03F46943}.Release|iPhone.ActiveCfg = Release|Any CPU
		{F9FAF0D8-CC92-45AA-8F09-5E5C03F46943}.Release|iPhone.Build.0 = Release|Any CPU
		{F9FAF0D8-CC92-45AA-8F09-5E5C03F46943}.Release|iPhone.Deploy.0 = Release|Any CPU
		{F9FAF0D8-CC92-45AA-8F09-5E5C03F46943}.Release|iPhoneSimulator.ActiveCfg = Release|Any CPU
		{F9FAF0D8-CC92-45AA-8F09-5E5C03F46943}.Release|iPhoneSimulator.Build.0 = Release|Any CPU
		{F9FAF0D8-CC92-45AA-8F09-5E5C03F46943}.Release|iPhoneSimulator.Deploy.0 = Release|Any CPU
		{F9FAF0D8-CC92-45AA-8F09-5E5C03F46943}.Release|x64.ActiveCfg = Release|Any CPU
		{F9FAF0D8-CC92-45AA-8F09-5E5C03F46943}.Release|x64.Build.0 = Release|Any CPU
		{F9FAF0D8-CC92-45AA-8F09-5E5C03F46943}.Release|x64.Deploy.0 = Release|Any CPU
		{F9FAF0D8-CC92-45AA-8F09-5E5C03F46943}.Release|x86.ActiveCfg = Release|Any CPU
		{F9FAF0D8-CC92-45AA-8F09-5E5C03F46943}.Release|x86.Build.0 = Release|Any CPU
		{F9FAF0D8-CC92-45AA-8F09-5E5C03F46943}.Release|x86.Deploy.0 = Release|Any CPU
	EndGlobalSection
	GlobalSection(SolutionProperties) = preSolution
		HideSolutionNode = FALSE
	EndGlobalSection
	GlobalSection(ExtensibilityGlobals) = postSolution
		SolutionGuid = {0B672D2B-8199-4264-AF18-2756317C1745}
	EndGlobalSection
EndGlobal
